PODS:
  - Nimble (8.0.4)
  - ReactiveKit (3.14.3)

DEPENDENCIES:
  - Nimble
  - ReactiveKit

SPEC REPOS:
  trunk:
    - Nimble
    - ReactiveKit

SPEC CHECKSUMS:
  Nimble: 18d5360282923225d62b09d781f63abc1a0111fc
  ReactiveKit: b0d1dfd0ec6d67d58b99a9c7db87dfcd6f359bc0

PODFILE CHECKSUM: 3a0cedd726978cd86f3ad4639351c23efc2ad421

COCOAPODS: 1.8.4
